// !$*UTF8*$!
{
	archiveVersion = 1;
	classes = {
	};
	objectVersion = 56;
	objects = {

/* Begin PBXBuildFile section */
		F50C5DE82C47E65D00811948 /* DoglyApp.swift in Sources */ = {isa = PBXBuildFile; fileRef = F50C5DE72C47E65D00811948 /* DoglyApp.swift */; };
		F50C5DEA2C47E65D00811948 /* ContentView.swift in Sources */ = {isa = PBXBuildFile; fileRef = F50C5DE92C47E65D00811948 /* ContentView.swift */; };
		F50C5DEC2C47E65E00811948 /* Assets.xcassets in Resources */ = {isa = PBXBuildFile; fileRef = F50C5DEB2C47E65E00811948 /* Assets.xcassets */; };
		F50C5DEF2C47E65E00811948 /* Preview Assets.xcassets in Resources */ = {isa = PBXBuildFile; fileRef = F50C5DEE2C47E65E00811948 /* Preview Assets.xcassets */; };
		F50C5DF12C47E65E00811948 /* Persistence.swift in Sources */ = {isa = PBXBuildFile; fileRef = F50C5DF02C47E65E00811948 /* Persistence.swift */; };
		F50C5DF42C47E65E00811948 /* Dogly.xcdatamodeld in Sources */ = {isa = PBXBuildFile; fileRef = F50C5DF22C47E65E00811948 /* Dogly.xcdatamodeld */; };
		F50C5DFE2C47E65E00811948 /* DoglyTests.swift in Sources */ = {isa = PBXBuildFile; fileRef = F50C5DFD2C47E65E00811948 /* DoglyTests.swift */; };
		F50C5E082C47E65E00811948 /* DoglyUITests.swift in Sources */ = {isa = PBXBuildFile; fileRef = F50C5E072C47E65E00811948 /* DoglyUITests.swift */; };
		F50C5E0A2C47E65E00811948 /* DoglyUITestsLaunchTests.swift in Sources */ = {isa = PBXBuildFile; fileRef = F50C5E092C47E65E00811948 /* DoglyUITestsLaunchTests.swift */; };
/* End PBXBuildFile section */

/* Begin PBXContainerItemProxy section */
		F50C5DFA2C47E65E00811948 /* PBXContainerItemProxy */ = {
			isa = PBXContainerItemProxy;
			containerPortal = F50C5DDC2C47E65D00811948 /* Project object */;
			proxyType = 1;
			remoteGlobalIDString = F50C5DE32C47E65D00811948;
			remoteInfo = Dogly;
		};
		F50C5E042C47E65E00811948 /* PBXContainerItemProxy */ = {
			isa = PBXContainerItemProxy;
			containerPortal = F50C5DDC2C47E65D00811948 /* Project object */;
			proxyType = 1;
			remoteGlobalIDString = F50C5DE32C47E65D00811948;
			remoteInfo = Dogly;
		};
/* End PBXContainerItemProxy section */

/* Begin PBXFileReference section */
		F50C5DE42C47E65D00811948 /* Dogly.app */ = {isa = PBXFileReference; explicitFileType = wrapper.application; includeInIndex = 0; path = Dogly.app; sourceTree = BUILT_PRODUCTS_DIR; };
		F50C5DE72C47E65D00811948 /* DoglyApp.swift */ = {isa = PBXFileReference; lastKnownFileType = sourcecode.swift; path = DoglyApp.swift; sourceTree = "<group>"; };
		F50C5DE92C47E65D00811948 /* ContentView.swift */ = {isa = PBXFileReference; lastKnownFileType = sourcecode.swift; path = ContentView.swift; sourceTree = "<group>"; };
		F50C5DEB2C47E65E00811948 /* Assets.xcassets */ = {isa = PBXFileReference; lastKnownFileType = folder.assetcatalog; path = Assets.xcassets; sourceTree = "<group>"; };
		F50C5DEE2C47E65E00811948 /* Preview Assets.xcassets */ = {isa = PBXFileReference; lastKnownFileType = folder.assetcatalog; path = "Preview Assets.xcassets"; sourceTree = "<group>"; };
		F50C5DF02C47E65E00811948 /* Persistence.swift */ = {isa = PBXFileReference; lastKnownFileType = sourcecode.swift; path = Persistence.swift; sourceTree = "<group>"; };
		F50C5DF32C47E65E00811948 /* Dogly.xcdatamodel */ = {isa = PBXFileReference; lastKnownFileType = wrapper.xcdatamodel; path = Dogly.xcdatamodel; sourceTree = "<group>"; };
		F50C5DF92C47E65E00811948 /* DoglyTests.xctest */ = {isa = PBXFileReference; explicitFileType = wrapper.cfbundle; includeInIndex = 0; path = DoglyTests.xctest; sourceTree = BUILT_PRODUCTS_DIR; };
		F50C5DFD2C47E65E00811948 /* DoglyTests.swift */ = {isa = PBXFileReference; lastKnownFileType = sourcecode.swift; path = DoglyTests.swift; sourceTree = "<group>"; };
		F50C5E032C47E65E00811948 /* DoglyUITests.xctest */ = {isa = PBXFileReference; explicitFileType = wrapper.cfbundle; includeInIndex = 0; path = DoglyUITests.xctest; sourceTree = BUILT_PRODUCTS_DIR; };
		F50C5E072C47E65E00811948 /* DoglyUITests.swift */ = {isa = PBXFileReference; lastKnownFileType = sourcecode.swift; path = DoglyUITests.swift; sourceTree = "<group>"; };
		F50C5E092C47E65E00811948 /* DoglyUITestsLaunchTests.swift */ = {isa = PBXFileReference; lastKnownFileType = sourcecode.swift; path = DoglyUITestsLaunchTests.swift; sourceTree = "<group>"; };
/* End PBXFileReference section */

/* Begin PBXFrameworksBuildPhase section */
		F50C5DE12C47E65D00811948 /* Frameworks */ = {
			isa = PBXFrameworksBuildPhase;
			buildActionMask = 2147483647;
			files = (
			);
			runOnlyForDeploymentPostprocessing = 0;
		};
		F50C5DF62C47E65E00811948 /* Frameworks */ = {
			isa = PBXFrameworksBuildPhase;
			buildActionMask = 2147483647;
			files = (
			);
			runOnlyForDeploymentPostprocessing = 0;
		};
		F50C5E002C47E65E00811948 /* Frameworks */ = {
			isa = PBXFrameworksBuildPhase;
			buildActionMask = 2147483647;
			files = (
			);
			runOnlyForDeploymentPostprocessing = 0;
		};
/* End PBXFrameworksBuildPhase section */

/* Begin PBXGroup section */
		F50C5DDB2C47E65D00811948 = {
			isa = PBXGroup;
			children = (
				F50C5DE62C47E65D00811948 /* Dogly */,
				F50C5DFC2C47E65E00811948 /* DoglyTests */,
				F50C5E062C47E65E00811948 /* DoglyUITests */,
				F50C5DE52C47E65D00811948 /* Products */,
			);
			sourceTree = "<group>";
		};
		F50C5DE52C47E65D00811948 /* Products */ = {
			isa = PBXGroup;
			children = (
				F50C5DE42C47E65D00811948 /* Dogly.app */,
				F50C5DF92C47E65E00811948 /* DoglyTests.xctest */,
				F50C5E032C47E65E00811948 /* DoglyUITests.xctest */,
			);
			name = Products;
			sourceTree = "<group>";
		};
		F50C5DE62C47E65D00811948 /* Dogly */ = {
			isa = PBXGroup;
			children = (
				F50C5DE72C47E65D00811948 /* DoglyApp.swift */,
				F50C5DE92C47E65D00811948 /* ContentView.swift */,
				F50C5DEB2C47E65E00811948 /* Assets.xcassets */,
				F50C5DF02C47E65E00811948 /* Persistence.swift */,
				F50C5DF22C47E65E00811948 /* Dogly.xcdatamodeld */,
				F50C5DED2C47E65E00811948 /* Preview Content */,
			);
			path = Dogly;
			sourceTree = "<group>";
		};
		F50C5DED2C47E65E00811948 /* Preview Content */ = {
			isa = PBXGroup;
			children = (
				F50C5DEE2C47E65E00811948 /* Preview Assets.xcassets */,
			);
			path = "Preview Content";
			sourceTree = "<group>";
		};
		F50C5DFC2C47E65E00811948 /* DoglyTests */ = {
			isa = PBXGroup;
			children = (
				F50C5DFD2C47E65E00811948 /* DoglyTests.swift */,
			);
			path = DoglyTests;
			sourceTree = "<group>";
		};
		F50C5E062C47E65E00811948 /* DoglyUITests */ = {
			isa = PBXGroup;
			children = (
				F50C5E072C47E65E00811948 /* DoglyUITests.swift */,
				F50C5E092C47E65E00811948 /* DoglyUITestsLaunchTests.swift */,
			);
			path = DoglyUITests;
			sourceTree = "<group>";
		};
/* End PBXGroup section */

/* Begin PBXNativeTarget section */
		F50C5DE32C47E65D00811948 /* Dogly */ = {
			isa = PBXNativeTarget;
			buildConfigurationList = F50C5E0D2C47E65E00811948 /* Build configuration list for PBXNativeTarget "Dogly" */;
			buildPhases = (
				F50C5DE02C47E65D00811948 /* Sources */,
				F50C5DE12C47E65D00811948 /* Frameworks */,
				F50C5DE22C47E65D00811948 /* Resources */,
			);
			buildRules = (
			);
			dependencies = (
			);
			name = Dogly;
			productName = Dogly;
			productReference = F50C5DE42C47E65D00811948 /* Dogly.app */;
			productType = "com.apple.product-type.application";
		};
		F50C5DF82C47E65E00811948 /* DoglyTests */ = {
			isa = PBXNativeTarget;
			buildConfigurationList = F50C5E102C47E65E00811948 /* Build configuration list for PBXNativeTarget "DoglyTests" */;
			buildPhases = (
				F50C5DF52C47E65E00811948 /* Sources */,
				F50C5DF62C47E65E00811948 /* Frameworks */,
				F50C5DF72C47E65E00811948 /* Resources */,
			);
			buildRules = (
			);
			dependencies = (
				F50C5DFB2C47E65E00811948 /* PBXTargetDependency */,
			);
			name = DoglyTests;
			productName = DoglyTests;
			productReference = F50C5DF92C47E65E00811948 /* DoglyTests.xctest */;
			productType = "com.apple.product-type.bundle.unit-test";
		};
		F50C5E022C47E65E00811948 /* DoglyUITests */ = {
			isa = PBXNativeTarget;
			buildConfigurationList = F50C5E132C47E65E00811948 /* Build configuration list for PBXNativeTarget "DoglyUITests" */;
			buildPhases = (
				F50C5DFF2C47E65E00811948 /* Sources */,
				F50C5E002C47E65E00811948 /* Frameworks */,
				F50C5E012C47E65E00811948 /* Resources */,
			);
			buildRules = (
			);
			dependencies = (
				F50C5E052C47E65E00811948 /* PBXTargetDependency */,
			);
			name = DoglyUITests;
			productName = DoglyUITests;
			productReference = F50C5E032C47E65E00811948 /* DoglyUITests.xctest */;
			productType = "com.apple.product-type.bundle.ui-testing";
		};
/* End PBXNativeTarget section */

/* Begin PBXProject section */
		F50C5DDC2C47E65D00811948 /* Project object */ = {
			isa = PBXProject;
			attributes = {
				BuildIndependentTargetsInParallel = 1;
				LastSwiftUpdateCheck = 1540;
				LastUpgradeCheck = 1540;
				TargetAttributes = {
					F50C5DE32C47E65D00811948 = {
						CreatedOnToolsVersion = 15.4;
					};
					F50C5DF82C47E65E00811948 = {
						CreatedOnToolsVersion = 15.4;
						TestTargetID = F50C5DE32C47E65D00811948;
					};
					F50C5E022C47E65E00811948 = {
						CreatedOnToolsVersion = 15.4;
						TestTargetID = F50C5DE32C47E65D00811948;
					};
				};
			};
			buildConfigurationList = F50C5DDF2C47E65D00811948 /* Build configuration list for PBXProject "Dogly" */;
			compatibilityVersion = "Xcode 14.0";
			developmentRegion = en;
			hasScannedForEncodings = 0;
			knownRegions = (
				en,
				Base,
			);
			mainGroup = F50C5DDB2C47E65D00811948;
			productRefGroup = F50C5DE52C47E65D00811948 /* Products */;
			projectDirPath = "";
			projectRoot = "";
			targets = (
				F50C5DE32C47E65D00811948 /* Dogly */,
				F50C5DF82C47E65E00811948 /* DoglyTests */,
				F50C5E022C47E65E00811948 /* DoglyUITests */,
			);
		};
/* End PBXProject section */

/* Begin PBXResourcesBuildPhase section */
		F50C5DE22C47E65D00811948 /* Resources */ = {
			isa = PBXResourcesBuildPhase;
			buildActionMask = 2147483647;
			files = (
				F50C5DEF2C47E65E00811948 /* Preview Assets.xcassets in Resources */,
				F50C5DEC2C47E65E00811948 /* Assets.xcassets in Resources */,
			);
			runOnlyForDeploymentPostprocessing = 0;
		};
		F50C5DF72C47E65E00811948 /* Resources */ = {
			isa = PBXResourcesBuildPhase;
			buildActionMask = 2147483647;
			files = (
			);
			runOnlyForDeploymentPostprocessing = 0;
		};
		F50C5E012C47E65E00811948 /* Resources */ = {
			isa = PBXResourcesBuildPhase;
			buildActionMask = 2147483647;
			files = (
			);
			runOnlyForDeploymentPostprocessing = 0;
		};
/* End PBXResourcesBuildPhase section */

/* Begin PBXSourcesBuildPhase section */
		F50C5DE02C47E65D00811948 /* Sources */ = {
			isa = PBXSourcesBuildPhase;
			buildActionMask = 2147483647;
			files = (
				F50C5DF12C47E65E00811948 /* Persistence.swift in Sources */,
				F50C5DF42C47E65E00811948 /* Dogly.xcdatamodeld in Sources */,
				F50C5DEA2C47E65D00811948 /* ContentView.swift in Sources */,
				F50C5DE82C47E65D00811948 /* DoglyApp.swift in Sources */,
			);
			runOnlyForDeploymentPostprocessing = 0;
		};
		F50C5DF52C47E65E00811948 /* Sources */ = {
			isa = PBXSourcesBuildPhase;
			buildActionMask = 2147483647;
			files = (
				F50C5DFE2C47E65E00811948 /* DoglyTests.swift in Sources */,
			);
			runOnlyForDeploymentPostprocessing = 0;
		};
		F50C5DFF2C47E65E00811948 /* Sources */ = {
			isa = PBXSourcesBuildPhase;
			buildActionMask = 2147483647;
			files = (
				F50C5E0A2C47E65E00811948 /* DoglyUITestsLaunchTests.swift in Sources */,
				F50C5E082C47E65E00811948 /* DoglyUITests.swift in Sources */,
			);
			runOnlyForDeploymentPostprocessing = 0;
		};
/* End PBXSourcesBuildPhase section */

/* Begin PBXTargetDependency section */
		F50C5DFB2C47E65E00811948 /* PBXTargetDependency */ = {
			isa = PBXTargetDependency;
			target = F50C5DE32C47E65D00811948 /* Dogly */;
			targetProxy = F50C5DFA2C47E65E00811948 /* PBXContainerItemProxy */;
		};
		F50C5E052C47E65E00811948 /* PBXTargetDependency */ = {
			isa = PBXTargetDependency;
			target = F50C5DE32C47E65D00811948 /* Dogly */;
			targetProxy = F50C5E042C47E65E00811948 /* PBXContainerItemProxy */;
		};
/* End PBXTargetDependency section */

/* Begin XCBuildConfiguration section */
		F50C5E0B2C47E65E00811948 /* Debug */ = {
			isa = XCBuildConfiguration;
			buildSettings = {
				ALWAYS_SEARCH_USER_PATHS = NO;
				ASSETCATALOG_COMPILER_GENERATE_SWIFT_ASSET_SYMBOL_EXTENSIONS = YES;
				CLANG_ANALYZER_NONNULL = YES;
				CLANG_ANALYZER_NUMBER_OBJECT_CONVERSION = YES_AGGRESSIVE;
				CLANG_CXX_LANGUAGE_STANDARD = "gnu++20";
				CLANG_ENABLE_MODULES = YES;
				CLANG_ENABLE_OBJC_ARC = YES;
				CLANG_ENABLE_OBJC_WEAK = YES;
				CLANG_WARN_BLOCK_CAPTURE_AUTORELEASING = YES;
				CLANG_WARN_BOOL_CONVERSION = YES;
				CLANG_WARN_COMMA = YES;
				CLANG_WARN_CONSTANT_CONVERSION = YES;
				CLANG_WARN_DEPRECATED_OBJC_IMPLEMENTATIONS = YES;
				CLANG_WARN_DIRECT_OBJC_ISA_USAGE = YES_ERROR;
				CLANG_WARN_DOCUMENTATION_COMMENTS = YES;
				CLANG_WARN_EMPTY_BODY = YES;
				CLANG_WARN_ENUM_CONVERSION = YES;
				CLANG_WARN_INFINITE_RECURSION = YES;
				CLANG_WARN_INT_CONVERSION = YES;
				CLANG_WARN_NON_LITERAL_NULL_CONVERSION = YES;
				CLANG_WARN_OBJC_IMPLICIT_RETAIN_SELF = YES;
				CLANG_WARN_OBJC_LITERAL_CONVERSION = YES;
				CLANG_WARN_OBJC_ROOT_CLASS = YES_ERROR;
				CLANG_WARN_QUOTED_INCLUDE_IN_FRAMEWORK_HEADER = YES;
				CLANG_WARN_RANGE_LOOP_ANALYSIS = YES;
				CLANG_WARN_STRICT_PROTOTYPES = YES;
				CLANG_WARN_SUSPICIOUS_MOVE = YES;
				CLANG_WARN_UNGUARDED_AVAILABILITY = YES_AGGRESSIVE;
				CLANG_WARN_UNREACHABLE_CODE = YES;
				CLANG_WARN__DUPLICATE_METHOD_MATCH = YES;
				COPY_PHASE_STRIP = NO;
				DEBUG_INFORMATION_FORMAT = dwarf;
				ENABLE_STRICT_OBJC_MSGSEND = YES;
				ENABLE_TESTABILITY = YES;
				ENABLE_USER_SCRIPT_SANDBOXING = YES;
				GCC_C_LANGUAGE_STANDARD = gnu17;
				GCC_DYNAMIC_NO_PIC = NO;
				GCC_NO_COMMON_BLOCKS = YES;
				GCC_OPTIMIZATION_LEVEL = 0;
				GCC_PREPROCESSOR_DEFINITIONS = (
					"DEBUG=1",
					"$(inherited)",
				);
				GCC_WARN_64_TO_32_BIT_CONVERSION = YES;
				GCC_WARN_ABOUT_RETURN_TYPE = YES_ERROR;
				GCC_WARN_UNDECLARED_SELECTOR = YES;
				GCC_WARN_UNINITIALIZED_AUTOS = YES_AGGRESSIVE;
				GCC_WARN_UNUSED_FUNCTION = YES;
				GCC_WARN_UNUSED_VARIABLE = YES;
				IPHONEOS_DEPLOYMENT_TARGET = 17.5;
				LOCALIZATION_PREFERS_STRING_CATALOGS = YES;
				MTL_ENABLE_DEBUG_INFO = INCLUDE_SOURCE;
				MTL_FAST_MATH = YES;
				ONLY_ACTIVE_ARCH = YES;
				SDKROOT = iphoneos;
				SWIFT_ACTIVE_COMPILATION_CONDITIONS = "DEBUG $(inherited)";
				SWIFT_OPTIMIZATION_LEVEL = "-Onone";
			};
			name = Debug;
		};
		F50C5E0C2C47E65E00811948 /* Release */ = {
			isa = XCBuildConfiguration;
			buildSettings = {
				ALWAYS_SEARCH_USER_PATHS = NO;
				ASSETCATALOG_COMPILER_GENERATE_SWIFT_ASSET_SYMBOL_EXTENSIONS = YES;
				CLANG_ANALYZER_NONNULL = YES;
				CLANG_ANALYZER_NUMBER_OBJECT_CONVERSION = YES_AGGRESSIVE;
				CLANG_CXX_LANGUAGE_STANDARD = "gnu++20";
				CLANG_ENABLE_MODULES = YES;
				CLANG_ENABLE_OBJC_ARC = YES;
				CLANG_ENABLE_OBJC_WEAK = YES;
				CLANG_WARN_BLOCK_CAPTURE_AUTORELEASING = YES;
				CLANG_WARN_BOOL_CONVERSION = YES;
				CLANG_WARN_COMMA = YES;
				CLANG_WARN_CONSTANT_CONVERSION = YES;
				CLANG_WARN_DEPRECATED_OBJC_IMPLEMENTATIONS = YES;
				CLANG_WARN_DIRECT_OBJC_ISA_USAGE = YES_ERROR;
				CLANG_WARN_DOCUMENTATION_COMMENTS = YES;
				CLANG_WARN_EMPTY_BODY = YES;
				CLANG_WARN_ENUM_CONVERSION = YES;
				CLANG_WARN_INFINITE_RECURSION = YES;
				CLANG_WARN_INT_CONVERSION = YES;
				CLANG_WARN_NON_LITERAL_NULL_CONVERSION = YES;
				CLANG_WARN_OBJC_IMPLICIT_RETAIN_SELF = YES;
				CLANG_WARN_OBJC_LITERAL_CONVERSION = YES;
				CLANG_WARN_OBJC_ROOT_CLASS = YES_ERROR;
				CLANG_WARN_QUOTED_INCLUDE_IN_FRAMEWORK_HEADER = YES;
				CLANG_WARN_RANGE_LOOP_ANALYSIS = YES;
				CLANG_WARN_STRICT_PROTOTYPES = YES;
				CLANG_WARN_SUSPICIOUS_MOVE = YES;
				CLANG_WARN_UNGUARDED_AVAILABILITY = YES_AGGRESSIVE;
				CLANG_WARN_UNREACHABLE_CODE = YES;
				CLANG_WARN__DUPLICATE_METHOD_MATCH = YES;
				COPY_PHASE_STRIP = NO;
				DEBUG_INFORMATION_FORMAT = "dwarf-with-dsym";
				ENABLE_NS_ASSERTIONS = NO;
				ENABLE_STRICT_OBJC_MSGSEND = YES;
				ENABLE_USER_SCRIPT_SANDBOXING = YES;
				GCC_C_LANGUAGE_STANDARD = gnu17;
				GCC_NO_COMMON_BLOCKS = YES;
				GCC_WARN_64_TO_32_BIT_CONVERSION = YES;
				GCC_WARN_ABOUT_RETURN_TYPE = YES_ERROR;
				GCC_WARN_UNDECLARED_SELECTOR = YES;
				GCC_WARN_UNINITIALIZED_AUTOS = YES_AGGRESSIVE;
				GCC_WARN_UNUSED_FUNCTION = YES;
				GCC_WARN_UNUSED_VARIABLE = YES;
				IPHONEOS_DEPLOYMENT_TARGET = 17.5;
				LOCALIZATION_PREFERS_STRING_CATALOGS = YES;
				MTL_ENABLE_DEBUG_INFO = NO;
				MTL_FAST_MATH = YES;
				SDKROOT = iphoneos;
				SWIFT_COMPILATION_MODE = wholemodule;
				VALIDATE_PRODUCT = YES;
			};
			name = Release;
		};
		F50C5E0E2C47E65E00811948 /* Debug */ = {
			isa = XCBuildConfiguration;
			buildSettings = {
				ASSETCATALOG_COMPILER_APPICON_NAME = AppIcon;
				ASSETCATALOG_COMPILER_GLOBAL_ACCENT_COLOR_NAME = AccentColor;
				CODE_SIGN_STYLE = Automatic;
				CURRENT_PROJECT_VERSION = 1;
				DEVELOPMENT_ASSET_PATHS = "\"Dogly/Preview Content\"";
				ENABLE_PREVIEWS = YES;
				GENERATE_INFOPLIST_FILE = YES;
				INFOPLIST_KEY_UIApplicationSceneManifest_Generation = YES;
				INFOPLIST_KEY_UIApplicationSupportsIndirectInputEvents = YES;
				INFOPLIST_KEY_UILaunchScreen_Generation = YES;
				INFOPLIST_KEY_UISupportedInterfaceOrientations_iPad = "UIInterfaceOrientationPortrait UIInterfaceOrientationPortraitUpsideDown UIInterfaceOrientationLandscapeLeft UIInterfaceOrientationLandscapeRight";
				INFOPLIST_KEY_UISupportedInterfaceOrientations_iPhone = "UIInterfaceOrientationPortrait UIInterfaceOrientationLandscapeLeft UIInterfaceOrientationLandscapeRight";
				LD_RUNPATH_SEARCH_PATHS = (
					"$(inherited)",
					"@executable_path/Frameworks",
				);
				MARKETING_VERSION = 1.0;
				PRODUCT_BUNDLE_IDENTIFIER = Dogly.com.Dogly;
				PRODUCT_NAME = "$(TARGET_NAME)";
				SWIFT_EMIT_LOC_STRINGS = YES;
				SWIFT_VERSION = 5.0;
				TARGETED_DEVICE_FAMILY = "1,2";
			};
			name = Debug;
		};
		F50C5E0F2C47E65E00811948 /* Release */ = {
			isa = XCBuildConfiguration;
			buildSettings = {
				ASSETCATALOG_COMPILER_APPICON_NAME = AppIcon;
				ASSETCATALOG_COMPILER_GLOBAL_ACCENT_COLOR_NAME = AccentColor;
				CODE_SIGN_STYLE = Automatic;
				CURRENT_PROJECT_VERSION = 1;
				DEVELOPMENT_ASSET_PATHS = "\"Dogly/Preview Content\"";
				ENABLE_PREVIEWS = YES;
				GENERATE_INFOPLIST_FILE = YES;
				INFOPLIST_KEY_UIApplicationSceneManifest_Generation = YES;
				INFOPLIST_KEY_UIApplicationSupportsIndirectInputEvents = YES;
				INFOPLIST_KEY_UILaunchScreen_Generation = YES;
				INFOPLIST_KEY_UISupportedInterfaceOrientations_iPad = "UIInterfaceOrientationPortrait UIInterfaceOrientationPortraitUpsideDown UIInterfaceOrientationLandscapeLeft UIInterfaceOrientationLandscapeRight";
				INFOPLIST_KEY_UISupportedInterfaceOrientations_iPhone = "UIInterfaceOrientationPortrait UIInterfaceOrientationLandscapeLeft UIInterfaceOrientationLandscapeRight";
				LD_RUNPATH_SEARCH_PATHS = (
					"$(inherited)",
					"@executable_path/Frameworks",
				);
				MARKETING_VERSION = 1.0;
				PRODUCT_BUNDLE_IDENTIFIER = Dogly.com.Dogly;
				PRODUCT_NAME = "$(TARGET_NAME)";
				SWIFT_EMIT_LOC_STRINGS = YES;
				SWIFT_VERSION = 5.0;
				TARGETED_DEVICE_FAMILY = "1,2";
			};
			name = Release;
		};
		F50C5E112C47E65E00811948 /* Debug */ = {
			isa = XCBuildConfiguration;
			buildSettings = {
				ALWAYS_EMBED_SWIFT_STANDARD_LIBRARIES = YES;
				BUNDLE_LOADER = "$(TEST_HOST)";
				CODE_SIGN_STYLE = Automatic;
				CURRENT_PROJECT_VERSION = 1;
				GENERATE_INFOPLIST_FILE = YES;
				IPHONEOS_DEPLOYMENT_TARGET = 17.5;
				MARKETING_VERSION = 1.0;
				PRODUCT_BUNDLE_IDENTIFIER = Dogly.com.DoglyTests;
				PRODUCT_NAME = "$(TARGET_NAME)";
				SWIFT_EMIT_LOC_STRINGS = NO;
				SWIFT_VERSION = 5.0;
				TARGETED_DEVICE_FAMILY = "1,2";
				TEST_HOST = "$(BUILT_PRODUCTS_DIR)/Dogly.app/$(BUNDLE_EXECUTABLE_FOLDER_PATH)/Dogly";
			};
			name = Debug;
		};
		F50C5E122C47E65E00811948 /* Release */ = {
			isa = XCBuildConfiguration;
			buildSettings = {
				ALWAYS_EMBED_SWIFT_STANDARD_LIBRARIES = YES;
				BUNDLE_LOADER = "$(TEST_HOST)";
				CODE_SIGN_STYLE = Automatic;
				CURRENT_PROJECT_VERSION = 1;
				GENERATE_INFOPLIST_FILE = YES;
				IPHONEOS_DEPLOYMENT_TARGET = 17.5;
				MARKETING_VERSION = 1.0;
				PRODUCT_BUNDLE_IDENTIFIER = Dogly.com.DoglyTests;
				PRODUCT_NAME = "$(TARGET_NAME)";
				SWIFT_EMIT_LOC_STRINGS = NO;
				SWIFT_VERSION = 5.0;
				TARGETED_DEVICE_FAMILY = "1,2";
				TEST_HOST = "$(BUILT_PRODUCTS_DIR)/Dogly.app/$(BUNDLE_EXECUTABLE_FOLDER_PATH)/Dogly";
			};
			name = Release;
		};
		F50C5E142C47E65E00811948 /* Debug */ = {
			isa = XCBuildConfiguration;
			buildSettings = {
				ALWAYS_EMBED_SWIFT_STANDARD_LIBRARIES = YES;
				CODE_SIGN_STYLE = Automatic;
				CURRENT_PROJECT_VERSION = 1;
				GENERATE_INFOPLIST_FILE = YES;
				MARKETING_VERSION = 1.0;
				PRODUCT_BUNDLE_IDENTIFIER = Dogly.com.DoglyUITests;
				PRODUCT_NAME = "$(TARGET_NAME)";
				SWIFT_EMIT_LOC_STRINGS = NO;
				SWIFT_VERSION = 5.0;
				TARGETED_DEVICE_FAMILY = "1,2";
				TEST_TARGET_NAME = Dogly;
			};
			name = Debug;
		};
		F50C5E152C47E65E00811948 /* Release */ = {
			isa = XCBuildConfiguration;
			buildSettings = {
				ALWAYS_EMBED_SWIFT_STANDARD_LIBRARIES = YES;
				CODE_SIGN_STYLE = Automatic;
				CURRENT_PROJECT_VERSION = 1;
				GENERATE_INFOPLIST_FILE = YES;
				MARKETING_VERSION = 1.0;
				PRODUCT_BUNDLE_IDENTIFIER = Dogly.com.DoglyUITests;
				PRODUCT_NAME = "$(TARGET_NAME)";
				SWIFT_EMIT_LOC_STRINGS = NO;
				SWIFT_VERSION = 5.0;
				TARGETED_DEVICE_FAMILY = "1,2";
				TEST_TARGET_NAME = Dogly;
			};
			name = Release;
		};
/* End XCBuildConfiguration section */

/* Begin XCConfigurationList section */
		F50C5DDF2C47E65D00811948 /* Build configuration list for PBXProject "Dogly" */ = {
			isa = XCConfigurationList;
			buildConfigurations = (
				F50C5E0B2C47E65E00811948 /* Debug */,
				F50C5E0C2C47E65E00811948 /* Release */,
			);
			defaultConfigurationIsVisible = 0;
			defaultConfigurationName = Release;
		};
		F50C5E0D2C47E65E00811948 /* Build configuration list for PBXNativeTarget "Dogly" */ = {
			isa = XCConfigurationList;
			buildConfigurations = (
				F50C5E0E2C47E65E00811948 /* Debug */,
				F50C5E0F2C47E65E00811948 /* Release */,
			);
			defaultConfigurationIsVisible = 0;
			defaultConfigurationName = Release;
		};
		F50C5E102C47E65E00811948 /* Build configuration list for PBXNativeTarget "DoglyTests" */ = {
			isa = XCConfigurationList;
			buildConfigurations = (
				F50C5E112C47E65E00811948 /* Debug */,
				F50C5E122C47E65E00811948 /* Release */,
			);
			defaultConfigurationIsVisible = 0;
			defaultConfigurationName = Release;
		};
		F50C5E132C47E65E00811948 /* Build configuration list for PBXNativeTarget "DoglyUITests" */ = {
			isa = XCConfigurationList;
			buildConfigurations = (
				F50C5E142C47E65E00811948 /* Debug */,
				F50C5E152C47E65E00811948 /* Release */,
			);
			defaultConfigurationIsVisible = 0;
			defaultConfigurationName = Release;
		};
/* End XCConfigurationList section */

/* Begin XCVersionGroup section */
		F50C5DF22C47E65E00811948 /* Dogly.xcdatamodeld */ = {
			isa = XCVersionGroup;
			children = (
				F50C5DF32C47E65E00811948 /* Dogly.xcdatamodel */,
			);
			currentVersion = F50C5DF32C47E65E00811948 /* Dogly.xcdatamodel */;
			path = Dogly.xcdatamodeld;
			sourceTree = "<group>";
			versionGroupType = wrapper.xcdatamodel;
		};
/* End XCVersionGroup section */
	};
	rootObject = F50C5DDC2C47E65D00811948 /* Project object */;
}
